
Microsoft Visual Studio Solution File, Format Version 12.00
Project("{FAE04EC0-301F-11D3-BF4B-00C04F79EFBC}") = "EmployeesProjects", "EmployeesProjects\EmployeesProjects.csproj", "{C16AD358-28FF-4BB8-AD64-8A8E19A9C03D}"
EndProject
Global
	GlobalSection(SolutionConfigurationPlatforms) = preSolution
		Debug|Any CPU = Debug|Any CPU
		Release|Any CPU = Release|Any CPU
	EndGlobalSection
	GlobalSection(ProjectConfigurationPlatforms) = postSolution
		{C16AD358-28FF-4BB8-AD64-8A8E19A9C03D}.Debug|Any CPU.ActiveCfg = Debug|Any CPU
		{C16AD358-28FF-4BB8-AD64-8A8E19A9C03D}.Debug|Any CPU.Build.0 = Debug|Any CPU
		{C16AD358-28FF-4BB8-AD64-8A8E19A9C03D}.Release|Any CPU.ActiveCfg = Release|Any CPU
		{C16AD358-28FF-4BB8-AD64-8A8E19A9C03D}.Release|Any CPU.Build.0 = Release|Any CPU
	EndGlobalSection
EndGlobal
