
Microsoft Visual Studio Solution File, Format Version 12.00
#
Project("{FAE04EC0-301F-11D3-BF4B-00C04F79EFBC}") = "Tasks", "Tasks\Tasks.csproj", "{A041F703-7CF1-45D7-9A93-8973997F8E12}"
EndProject
Global
	GlobalSection(SolutionConfigurationPlatforms) = preSolution
		Debug|Any CPU = Debug|Any CPU
		Release|Any CPU = Release|Any CPU
	EndGlobalSection
	GlobalSection(ProjectConfigurationPlatforms) = postSolution
		{A041F703-7CF1-45D7-9A93-8973997F8E12}.Debug|Any CPU.ActiveCfg = Debug|Any CPU
		{A041F703-7CF1-45D7-9A93-8973997F8E12}.Debug|Any CPU.Build.0 = Debug|Any CPU
		{A041F703-7CF1-45D7-9A93-8973997F8E12}.Release|Any CPU.ActiveCfg = Release|Any CPU
		{A041F703-7CF1-45D7-9A93-8973997F8E12}.Release|Any CPU.Build.0 = Release|Any CPU
	EndGlobalSection
EndGlobal
